
Microsoft Visual Studio Solution File, Format Version 12.00
# Visual Studio 15
VisualStudioVersion = 15.0.28307.489
MinimumVisualStudioVersion = 10.0.40219.1
Project("{FAE04EC0-301F-11D3-BF4B-00C04F79EFBC}") = "PR2", "PR2.csproj", "{1BEC9F58-A49D-430D-B5CF-9865813C1491}"
EndProject
Global
	GlobalSection(SolutionConfigurationPlatforms) = preSolution
		Debug|Any CPU = Debug|Any CPU
		Release|Any CPU = Release|Any CPU
	EndGlobalSection
	GlobalSection(ProjectConfigurationPlatforms) = postSolution
		{1BEC9F58-A49D-430D-B5CF-9865813C1491}.Debug|Any CPU.ActiveCfg = Debug|Any CPU
		{1BEC9F58-A49D-430D-B5CF-9865813C1491}.Debug|Any CPU.Build.0 = Debug|Any CPU
		{1BEC9F58-A49D-430D-B5CF-9865813C1491}.Release|Any CPU.ActiveCfg = Release|Any CPU
		{1BEC9F58-A49D-430D-B5CF-9865813C1491}.Release|Any CPU.Build.0 = Release|Any CPU
	EndGlobalSection
	GlobalSection(SolutionProperties) = preSolution
		HideSolutionNode = FALSE
	EndGlobalSection
	GlobalSection(ExtensibilityGlobals) = postSolution
		SolutionGuid = {801A9EBF-A50A-403C-B0F6-A43AABC28B7A}
	EndGlobalSection
EndGlobal
